
Microsoft Visual Studio Solution File, Format Version 12.00
Project("{FAE04EC0-301F-11D3-BF4B-00C04F79EFBC}") = "Lab4", "Lab4\Lab4.csproj", "{3D01175F-5695-4E81-8FB2-0356A455B412}"
EndProject
Project("{FAE04EC0-301F-11D3-BF4B-00C04F79EFBC}") = "Lab5", "Lab5\Lab5.csproj", "{631EBC91-81E4-4B7A-9F2F-442206515FFF}"
EndProject
Global
	GlobalSection(SolutionConfigurationPlatforms) = preSolution
		Debug|Any CPU = Debug|Any CPU
		Release|Any CPU = Release|Any CPU
	EndGlobalSection
	GlobalSection(ProjectConfigurationPlatforms) = postSolution
		{3D01175F-5695-4E81-8FB2-0356A455B412}.Debug|Any CPU.ActiveCfg = Debug|Any CPU
		{3D01175F-5695-4E81-8FB2-0356A455B412}.Debug|Any CPU.Build.0 = Debug|Any CPU
		{3D01175F-5695-4E81-8FB2-0356A455B412}.Release|Any CPU.ActiveCfg = Release|Any CPU
		{3D01175F-5695-4E81-8FB2-0356A455B412}.Release|Any CPU.Build.0 = Release|Any CPU
		{631EBC91-81E4-4B7A-9F2F-442206515FFF}.Debug|Any CPU.ActiveCfg = Debug|Any CPU
		{631EBC91-81E4-4B7A-9F2F-442206515FFF}.Debug|Any CPU.Build.0 = Debug|Any CPU
		{631EBC91-81E4-4B7A-9F2F-442206515FFF}.Release|Any CPU.ActiveCfg = Release|Any CPU
		{631EBC91-81E4-4B7A-9F2F-442206515FFF}.Release|Any CPU.Build.0 = Release|Any CPU
	EndGlobalSection
EndGlobal
